// !$*UTF8*$!
{
	archiveVersion = 1;
	classes = {
	};
	objectVersion = 56;
	objects = {

/* Begin PBXBuildFile section */
		7C0A4ABA2AE3C79F00E83180 /* DataService.swift in Sources */ = {isa = PBXBuildFile; fileRef = 7C0A4AB92AE3C79F00E83180 /* DataService.swift */; };
		7C7333A22AEE7444005280DB /* MapView.swift in Sources */ = {isa = PBXBuildFile; fileRef = 7C7333A12AEE7444005280DB /* MapView.swift */; };
		7C7333A42AEE74D6005280DB /* ListView.swift in Sources */ = {isa = PBXBuildFile; fileRef = 7C7333A32AEE74D6005280DB /* ListView.swift */; };
		7C91AC242AE64304001E85C8 /* TextHelper.swift in Sources */ = {isa = PBXBuildFile; fileRef = 7C91AC232AE64304001E85C8 /* TextHelper.swift */; };
		7C91AC262AE64C27001E85C8 /* BusinessDetailView.swift in Sources */ = {isa = PBXBuildFile; fileRef = 7C91AC252AE64C27001E85C8 /* BusinessDetailView.swift */; };
		7C9EFD0D2AED64E1008C0B1E /* BusinessModel.swift in Sources */ = {isa = PBXBuildFile; fileRef = 7C9EFD0C2AED64E1008C0B1E /* BusinessModel.swift */; };
		7CA414FC2AEFACE30067002F /* OnboardingView.swift in Sources */ = {isa = PBXBuildFile; fileRef = 7CA414FB2AEFACE30067002F /* OnboardingView.swift */; };
		7CA414FE2AEFB2F10067002F /* OnboardingViewDetails.swift in Sources */ = {isa = PBXBuildFile; fileRef = 7CA414FD2AEFB2F10067002F /* OnboardingViewDetails.swift */; };
		7CB40EAB2AE3D1A80002D2CE /* BusinessSearch.swift in Sources */ = {isa = PBXBuildFile; fileRef = 7CB40EAA2AE3D1A80002D2CE /* BusinessSearch.swift */; };
		7CB40EAD2AE3D1E30002D2CE /* Business.swift in Sources */ = {isa = PBXBuildFile; fileRef = 7CB40EAC2AE3D1E30002D2CE /* Business.swift */; };
		7CD6E1E92AE1593A001DAA85 /* CitysightsApp.swift in Sources */ = {isa = PBXBuildFile; fileRef = 7CD6E1E82AE1593A001DAA85 /* CitysightsApp.swift */; };
		7CD6E1EB2AE1593A001DAA85 /* HomeView.swift in Sources */ = {isa = PBXBuildFile; fileRef = 7CD6E1EA2AE1593A001DAA85 /* HomeView.swift */; };
		7CD6E1ED2AE1593B001DAA85 /* Assets.xcassets in Resources */ = {isa = PBXBuildFile; fileRef = 7CD6E1EC2AE1593B001DAA85 /* Assets.xcassets */; };
		7CD6E1F02AE1593B001DAA85 /* Preview Assets.xcassets in Resources */ = {isa = PBXBuildFile; fileRef = 7CD6E1EF2AE1593B001DAA85 /* Preview Assets.xcassets */; };
/* End PBXBuildFile section */

/* Begin PBXFileReference section */
		7C0A4AB92AE3C79F00E83180 /* DataService.swift */ = {isa = PBXFileReference; lastKnownFileType = sourcecode.swift; path = DataService.swift; sourceTree = "<group>"; };
		7C7333A12AEE7444005280DB /* MapView.swift */ = {isa = PBXFileReference; lastKnownFileType = sourcecode.swift; path = MapView.swift; sourceTree = "<group>"; };
		7C7333A32AEE74D6005280DB /* ListView.swift */ = {isa = PBXFileReference; lastKnownFileType = sourcecode.swift; path = ListView.swift; sourceTree = "<group>"; };
		7C91AC232AE64304001E85C8 /* TextHelper.swift */ = {isa = PBXFileReference; lastKnownFileType = sourcecode.swift; path = TextHelper.swift; sourceTree = "<group>"; };
		7C91AC252AE64C27001E85C8 /* BusinessDetailView.swift */ = {isa = PBXFileReference; lastKnownFileType = sourcecode.swift; path = BusinessDetailView.swift; sourceTree = "<group>"; };
		7C9EFD0C2AED64E1008C0B1E /* BusinessModel.swift */ = {isa = PBXFileReference; lastKnownFileType = sourcecode.swift; path = BusinessModel.swift; sourceTree = "<group>"; };
		7CA414FB2AEFACE30067002F /* OnboardingView.swift */ = {isa = PBXFileReference; lastKnownFileType = sourcecode.swift; path = OnboardingView.swift; sourceTree = "<group>"; };
		7CA414FD2AEFB2F10067002F /* OnboardingViewDetails.swift */ = {isa = PBXFileReference; lastKnownFileType = sourcecode.swift; path = OnboardingViewDetails.swift; sourceTree = "<group>"; };
		7CB40EAA2AE3D1A80002D2CE /* BusinessSearch.swift */ = {isa = PBXFileReference; lastKnownFileType = sourcecode.swift; path = BusinessSearch.swift; sourceTree = "<group>"; };
		7CB40EAC2AE3D1E30002D2CE /* Business.swift */ = {isa = PBXFileReference; lastKnownFileType = sourcecode.swift; path = Business.swift; sourceTree = "<group>"; };
		7CD6E1E52AE1593A001DAA85 /* Citysights.app */ = {isa = PBXFileReference; explicitFileType = wrapper.application; includeInIndex = 0; path = Citysights.app; sourceTree = BUILT_PRODUCTS_DIR; };
		7CD6E1E82AE1593A001DAA85 /* CitysightsApp.swift */ = {isa = PBXFileReference; lastKnownFileType = sourcecode.swift; path = CitysightsApp.swift; sourceTree = "<group>"; };
		7CD6E1EA2AE1593A001DAA85 /* HomeView.swift */ = {isa = PBXFileReference; lastKnownFileType = sourcecode.swift; path = HomeView.swift; sourceTree = "<group>"; };
		7CD6E1EC2AE1593B001DAA85 /* Assets.xcassets */ = {isa = PBXFileReference; lastKnownFileType = folder.assetcatalog; path = Assets.xcassets; sourceTree = "<group>"; };
		7CD6E1EF2AE1593B001DAA85 /* Preview Assets.xcassets */ = {isa = PBXFileReference; lastKnownFileType = folder.assetcatalog; path = "Preview Assets.xcassets"; sourceTree = "<group>"; };
		7CE334492AE3B29400DA8594 /* Config.xcconfig */ = {isa = PBXFileReference; lastKnownFileType = text.xcconfig; path = Config.xcconfig; sourceTree = "<group>"; };
		7CE3344A2AE3B3C800DA8594 /* Info.plist */ = {isa = PBXFileReference; lastKnownFileType = text.plist; path = Info.plist; sourceTree = "<group>"; };
/* End PBXFileReference section */

/* Begin PBXFrameworksBuildPhase section */
		7CD6E1E22AE1593A001DAA85 /* Frameworks */ = {
			isa = PBXFrameworksBuildPhase;
			buildActionMask = 2147483647;
			files = (
			);
			runOnlyForDeploymentPostprocessing = 0;
		};
/* End PBXFrameworksBuildPhase section */

/* Begin PBXGroup section */
		7C91AC222AE642EC001E85C8 /* Helpers */ = {
			isa = PBXGroup;
			children = (
				7C91AC232AE64304001E85C8 /* TextHelper.swift */,
			);
			path = Helpers;
			sourceTree = "<group>";
		};
		7CA414FF2AEFB2F90067002F /* Onboarding */ = {
			isa = PBXGroup;
			children = (
				7CA414FB2AEFACE30067002F /* OnboardingView.swift */,
				7CA414FD2AEFB2F10067002F /* OnboardingViewDetails.swift */,
			);
			path = Onboarding;
			sourceTree = "<group>";
		};
		7CB40EA92AE3D1920002D2CE /* Model */ = {
			isa = PBXGroup;
			children = (
				7CB40EAA2AE3D1A80002D2CE /* BusinessSearch.swift */,
				7CB40EAC2AE3D1E30002D2CE /* Business.swift */,
			);
			path = Model;
			sourceTree = "<group>";
		};
		7CD6E1DC2AE1593A001DAA85 = {
			isa = PBXGroup;
			children = (
				7CD6E1E72AE1593A001DAA85 /* Citysights */,
				7CD6E1E62AE1593A001DAA85 /* Products */,
			);
			sourceTree = "<group>";
		};
		7CD6E1E62AE1593A001DAA85 /* Products */ = {
			isa = PBXGroup;
			children = (
				7CD6E1E52AE1593A001DAA85 /* Citysights.app */,
			);
			name = Products;
			sourceTree = "<group>";
		};
		7CD6E1E72AE1593A001DAA85 /* Citysights */ = {
			isa = PBXGroup;
			children = (
				7C91AC222AE642EC001E85C8 /* Helpers */,
				7CB40EA92AE3D1920002D2CE /* Model */,
				7CA414FF2AEFB2F90067002F /* Onboarding */,
				7CE3344A2AE3B3C800DA8594 /* Info.plist */,
				7CE334492AE3B29400DA8594 /* Config.xcconfig */,
				7CD6E1E82AE1593A001DAA85 /* CitysightsApp.swift */,
				7CD6E1EA2AE1593A001DAA85 /* HomeView.swift */,
				7C7333A12AEE7444005280DB /* MapView.swift */,
				7C7333A32AEE74D6005280DB /* ListView.swift */,
				7C91AC252AE64C27001E85C8 /* BusinessDetailView.swift */,
				7C9EFD0C2AED64E1008C0B1E /* BusinessModel.swift */,
				7C0A4AB92AE3C79F00E83180 /* DataService.swift */,
				7CD6E1EC2AE1593B001DAA85 /* Assets.xcassets */,
				7CD6E1EE2AE1593B001DAA85 /* Preview Content */,
			);
			path = Citysights;
			sourceTree = "<group>";
		};
		7CD6E1EE2AE1593B001DAA85 /* Preview Content */ = {
			isa = PBXGroup;
			children = (
				7CD6E1EF2AE1593B001DAA85 /* Preview Assets.xcassets */,
			);
			path = "Preview Content";
			sourceTree = "<group>";
		};
/* End PBXGroup section */

/* Begin PBXNativeTarget section */
		7CD6E1E42AE1593A001DAA85 /* Citysights */ = {
			isa = PBXNativeTarget;
			buildConfigurationList = 7CD6E1F32AE1593B001DAA85 /* Build configuration list for PBXNativeTarget "Citysights" */;
			buildPhases = (
				7CD6E1E12AE1593A001DAA85 /* Sources */,
				7CD6E1E22AE1593A001DAA85 /* Frameworks */,
				7CD6E1E32AE1593A001DAA85 /* Resources */,
			);
			buildRules = (
			);
			dependencies = (
			);
			name = Citysights;
			productName = Citysights;
			productReference = 7CD6E1E52AE1593A001DAA85 /* Citysights.app */;
			productType = "com.apple.product-type.application";
		};
/* End PBXNativeTarget section */

/* Begin PBXProject section */
		7CD6E1DD2AE1593A001DAA85 /* Project object */ = {
			isa = PBXProject;
			attributes = {
				BuildIndependentTargetsInParallel = 1;
				LastSwiftUpdateCheck = 1500;
				LastUpgradeCheck = 1500;
				TargetAttributes = {
					7CD6E1E42AE1593A001DAA85 = {
						CreatedOnToolsVersion = 15.0.1;
					};
				};
			};
			buildConfigurationList = 7CD6E1E02AE1593A001DAA85 /* Build configuration list for PBXProject "Citysights" */;
			compatibilityVersion = "Xcode 14.0";
			developmentRegion = en;
			hasScannedForEncodings = 0;
			knownRegions = (
				en,
				Base,
			);
			mainGroup = 7CD6E1DC2AE1593A001DAA85;
			productRefGroup = 7CD6E1E62AE1593A001DAA85 /* Products */;
			projectDirPath = "";
			projectRoot = "";
			targets = (
				7CD6E1E42AE1593A001DAA85 /* Citysights */,
			);
		};
/* End PBXProject section */

/* Begin PBXResourcesBuildPhase section */
		7CD6E1E32AE1593A001DAA85 /* Resources */ = {
			isa = PBXResourcesBuildPhase;
			buildActionMask = 2147483647;
			files = (
				7CD6E1F02AE1593B001DAA85 /* Preview Assets.xcassets in Resources */,
				7CD6E1ED2AE1593B001DAA85 /* Assets.xcassets in Resources */,
			);
			runOnlyForDeploymentPostprocessing = 0;
		};
/* End PBXResourcesBuildPhase section */

/* Begin PBXSourcesBuildPhase section */
		7CD6E1E12AE1593A001DAA85 /* Sources */ = {
			isa = PBXSourcesBuildPhase;
			buildActionMask = 2147483647;
			files = (
				7C0A4ABA2AE3C79F00E83180 /* DataService.swift in Sources */,
				7C91AC262AE64C27001E85C8 /* BusinessDetailView.swift in Sources */,
				7C7333A42AEE74D6005280DB /* ListView.swift in Sources */,
				7CB40EAB2AE3D1A80002D2CE /* BusinessSearch.swift in Sources */,
				7C9EFD0D2AED64E1008C0B1E /* BusinessModel.swift in Sources */,
				7CD6E1EB2AE1593A001DAA85 /* HomeView.swift in Sources */,
				7CB40EAD2AE3D1E30002D2CE /* Business.swift in Sources */,
				7C91AC242AE64304001E85C8 /* TextHelper.swift in Sources */,
				7C7333A22AEE7444005280DB /* MapView.swift in Sources */,
				7CD6E1E92AE1593A001DAA85 /* CitysightsApp.swift in Sources */,
				7CA414FE2AEFB2F10067002F /* OnboardingViewDetails.swift in Sources */,
				7CA414FC2AEFACE30067002F /* OnboardingView.swift in Sources */,
			);
			runOnlyForDeploymentPostprocessing = 0;
		};
/* End PBXSourcesBuildPhase section */

/* Begin XCBuildConfiguration section */
		7CD6E1F12AE1593B001DAA85 /* Debug */ = {
			isa = XCBuildConfiguration;
			baseConfigurationReference = 7CE334492AE3B29400DA8594 /* Config.xcconfig */;
			buildSettings = {
				ALWAYS_SEARCH_USER_PATHS = NO;
				ASSETCATALOG_COMPILER_GENERATE_SWIFT_ASSET_SYMBOL_EXTENSIONS = YES;
				CLANG_ANALYZER_NONNULL = YES;
				CLANG_ANALYZER_NUMBER_OBJECT_CONVERSION = YES_AGGRESSIVE;
				CLANG_CXX_LANGUAGE_STANDARD = "gnu++20";
				CLANG_ENABLE_MODULES = YES;
				CLANG_ENABLE_OBJC_ARC = YES;
				CLANG_ENABLE_OBJC_WEAK = YES;
				CLANG_WARN_BLOCK_CAPTURE_AUTORELEASING = YES;
				CLANG_WARN_BOOL_CONVERSION = YES;
				CLANG_WARN_COMMA = YES;
				CLANG_WARN_CONSTANT_CONVERSION = YES;
				CLANG_WARN_DEPRECATED_OBJC_IMPLEMENTATIONS = YES;
				CLANG_WARN_DIRECT_OBJC_ISA_USAGE = YES_ERROR;
				CLANG_WARN_DOCUMENTATION_COMMENTS = YES;
				CLANG_WARN_EMPTY_BODY = YES;
				CLANG_WARN_ENUM_CONVERSION = YES;
				CLANG_WARN_INFINITE_RECURSION = YES;
				CLANG_WARN_INT_CONVERSION = YES;
				CLANG_WARN_NON_LITERAL_NULL_CONVERSION = YES;
				CLANG_WARN_OBJC_IMPLICIT_RETAIN_SELF = YES;
				CLANG_WARN_OBJC_LITERAL_CONVERSION = YES;
				CLANG_WARN_OBJC_ROOT_CLASS = YES_ERROR;
				CLANG_WARN_QUOTED_INCLUDE_IN_FRAMEWORK_HEADER = YES;
				CLANG_WARN_RANGE_LOOP_ANALYSIS = YES;
				CLANG_WARN_STRICT_PROTOTYPES = YES;
				CLANG_WARN_SUSPICIOUS_MOVE = YES;
				CLANG_WARN_UNGUARDED_AVAILABILITY = YES_AGGRESSIVE;
				CLANG_WARN_UNREACHABLE_CODE = YES;
				CLANG_WARN__DUPLICATE_METHOD_MATCH = YES;
				COPY_PHASE_STRIP = NO;
				DEBUG_INFORMATION_FORMAT = dwarf;
				ENABLE_STRICT_OBJC_MSGSEND = YES;
				ENABLE_TESTABILITY = YES;
				ENABLE_USER_SCRIPT_SANDBOXING = YES;
				GCC_C_LANGUAGE_STANDARD = gnu17;
				GCC_DYNAMIC_NO_PIC = NO;
				GCC_NO_COMMON_BLOCKS = YES;
				GCC_OPTIMIZATION_LEVEL = 0;
				GCC_PREPROCESSOR_DEFINITIONS = (
					"DEBUG=1",
					"$(inherited)",
				);
				GCC_WARN_64_TO_32_BIT_CONVERSION = YES;
				GCC_WARN_ABOUT_RETURN_TYPE = YES_ERROR;
				GCC_WARN_UNDECLARED_SELECTOR = YES;
				GCC_WARN_UNINITIALIZED_AUTOS = YES_AGGRESSIVE;
				GCC_WARN_UNUSED_FUNCTION = YES;
				GCC_WARN_UNUSED_VARIABLE = YES;
				IPHONEOS_DEPLOYMENT_TARGET = 17.0;
				LOCALIZATION_PREFERS_STRING_CATALOGS = YES;
				MTL_ENABLE_DEBUG_INFO = INCLUDE_SOURCE;
				MTL_FAST_MATH = YES;
				ONLY_ACTIVE_ARCH = YES;
				SDKROOT = iphoneos;
				SWIFT_ACTIVE_COMPILATION_CONDITIONS = "DEBUG $(inherited)";
				SWIFT_OPTIMIZATION_LEVEL = "-Onone";
			};
			name = Debug;
		};
		7CD6E1F22AE1593B001DAA85 /* Release */ = {
			isa = XCBuildConfiguration;
			baseConfigurationReference = 7CE334492AE3B29400DA8594 /* Config.xcconfig */;
			buildSettings = {
				ALWAYS_SEARCH_USER_PATHS = NO;
				ASSETCATALOG_COMPILER_GENERATE_SWIFT_ASSET_SYMBOL_EXTENSIONS = YES;
				CLANG_ANALYZER_NONNULL = YES;
				CLANG_ANALYZER_NUMBER_OBJECT_CONVERSION = YES_AGGRESSIVE;
				CLANG_CXX_LANGUAGE_STANDARD = "gnu++20";
				CLANG_ENABLE_MODULES = YES;
				CLANG_ENABLE_OBJC_ARC = YES;
				CLANG_ENABLE_OBJC_WEAK = YES;
				CLANG_WARN_BLOCK_CAPTURE_AUTORELEASING = YES;
				CLANG_WARN_BOOL_CONVERSION = YES;
				CLANG_WARN_COMMA = YES;
				CLANG_WARN_CONSTANT_CONVERSION = YES;
				CLANG_WARN_DEPRECATED_OBJC_IMPLEMENTATIONS = YES;
				CLANG_WARN_DIRECT_OBJC_ISA_USAGE = YES_ERROR;
				CLANG_WARN_DOCUMENTATION_COMMENTS = YES;
				CLANG_WARN_EMPTY_BODY = YES;
				CLANG_WARN_ENUM_CONVERSION = YES;
				CLANG_WARN_INFINITE_RECURSION = YES;
				CLANG_WARN_INT_CONVERSION = YES;
				CLANG_WARN_NON_LITERAL_NULL_CONVERSION = YES;
				CLANG_WARN_OBJC_IMPLICIT_RETAIN_SELF = YES;
				CLANG_WARN_OBJC_LITERAL_CONVERSION = YES;
				CLANG_WARN_OBJC_ROOT_CLASS = YES_ERROR;
				CLANG_WARN_QUOTED_INCLUDE_IN_FRAMEWORK_HEADER = YES;
				CLANG_WARN_RANGE_LOOP_ANALYSIS = YES;
				CLANG_WARN_STRICT_PROTOTYPES = YES;
				CLANG_WARN_SUSPICIOUS_MOVE = YES;
				CLANG_WARN_UNGUARDED_AVAILABILITY = YES_AGGRESSIVE;
				CLANG_WARN_UNREACHABLE_CODE = YES;
				CLANG_WARN__DUPLICATE_METHOD_MATCH = YES;
				COPY_PHASE_STRIP = NO;
				DEBUG_INFORMATION_FORMAT = "dwarf-with-dsym";
				ENABLE_NS_ASSERTIONS = NO;
				ENABLE_STRICT_OBJC_MSGSEND = YES;
				ENABLE_USER_SCRIPT_SANDBOXING = YES;
				GCC_C_LANGUAGE_STANDARD = gnu17;
				GCC_NO_COMMON_BLOCKS = YES;
				GCC_WARN_64_TO_32_BIT_CONVERSION = YES;
				GCC_WARN_ABOUT_RETURN_TYPE = YES_ERROR;
				GCC_WARN_UNDECLARED_SELECTOR = YES;
				GCC_WARN_UNINITIALIZED_AUTOS = YES_AGGRESSIVE;
				GCC_WARN_UNUSED_FUNCTION = YES;
				GCC_WARN_UNUSED_VARIABLE = YES;
				IPHONEOS_DEPLOYMENT_TARGET = 17.0;
				LOCALIZATION_PREFERS_STRING_CATALOGS = YES;
				MTL_ENABLE_DEBUG_INFO = NO;
				MTL_FAST_MATH = YES;
				SDKROOT = iphoneos;
				SWIFT_COMPILATION_MODE = wholemodule;
				VALIDATE_PRODUCT = YES;
			};
			name = Release;
		};
		7CD6E1F42AE1593B001DAA85 /* Debug */ = {
			isa = XCBuildConfiguration;
			buildSettings = {
				ASSETCATALOG_COMPILER_APPICON_NAME = AppIcon;
				ASSETCATALOG_COMPILER_GLOBAL_ACCENT_COLOR_NAME = AccentColor;
				CODE_SIGN_STYLE = Automatic;
				CURRENT_PROJECT_VERSION = 1;
				DEVELOPMENT_ASSET_PATHS = "\"Citysights/Preview Content\"";
				DEVELOPMENT_TEAM = LZXRVU7TPL;
				ENABLE_PREVIEWS = YES;
				GENERATE_INFOPLIST_FILE = YES;
				INFOPLIST_FILE = Citysights/Info.plist;
				INFOPLIST_KEY_UIApplicationSceneManifest_Generation = YES;
				INFOPLIST_KEY_UIApplicationSupportsIndirectInputEvents = YES;
				INFOPLIST_KEY_UILaunchScreen_Generation = YES;
				INFOPLIST_KEY_UISupportedInterfaceOrientations_iPad = "UIInterfaceOrientationPortrait UIInterfaceOrientationPortraitUpsideDown UIInterfaceOrientationLandscapeLeft UIInterfaceOrientationLandscapeRight";
				INFOPLIST_KEY_UISupportedInterfaceOrientations_iPhone = "UIInterfaceOrientationPortrait UIInterfaceOrientationLandscapeLeft UIInterfaceOrientationLandscapeRight";
				LD_RUNPATH_SEARCH_PATHS = (
					"$(inherited)",
					"@executable_path/Frameworks",
				);
				MARKETING_VERSION = 1.0;
				PRODUCT_BUNDLE_IDENTIFIER = dev.minified.Citysights;
				PRODUCT_NAME = "$(TARGET_NAME)";
				SWIFT_EMIT_LOC_STRINGS = YES;
				SWIFT_VERSION = 5.0;
				TARGETED_DEVICE_FAMILY = "1,2";
			};
			name = Debug;
		};
		7CD6E1F52AE1593B001DAA85 /* Release */ = {
			isa = XCBuildConfiguration;
			buildSettings = {
				ASSETCATALOG_COMPILER_APPICON_NAME = AppIcon;
				ASSETCATALOG_COMPILER_GLOBAL_ACCENT_COLOR_NAME = AccentColor;
				CODE_SIGN_STYLE = Automatic;
				CURRENT_PROJECT_VERSION = 1;
				DEVELOPMENT_ASSET_PATHS = "\"Citysights/Preview Content\"";
				DEVELOPMENT_TEAM = LZXRVU7TPL;
				ENABLE_PREVIEWS = YES;
				GENERATE_INFOPLIST_FILE = YES;
				INFOPLIST_FILE = Citysights/Info.plist;
				INFOPLIST_KEY_UIApplicationSceneManifest_Generation = YES;
				INFOPLIST_KEY_UIApplicationSupportsIndirectInputEvents = YES;
				INFOPLIST_KEY_UILaunchScreen_Generation = YES;
				INFOPLIST_KEY_UISupportedInterfaceOrientations_iPad = "UIInterfaceOrientationPortrait UIInterfaceOrientationPortraitUpsideDown UIInterfaceOrientationLandscapeLeft UIInterfaceOrientationLandscapeRight";
				INFOPLIST_KEY_UISupportedInterfaceOrientations_iPhone = "UIInterfaceOrientationPortrait UIInterfaceOrientationLandscapeLeft UIInterfaceOrientationLandscapeRight";
				LD_RUNPATH_SEARCH_PATHS = (
					"$(inherited)",
					"@executable_path/Frameworks",
				);
				MARKETING_VERSION = 1.0;
				PRODUCT_BUNDLE_IDENTIFIER = dev.minified.Citysights;
				PRODUCT_NAME = "$(TARGET_NAME)";
				SWIFT_EMIT_LOC_STRINGS = YES;
				SWIFT_VERSION = 5.0;
				TARGETED_DEVICE_FAMILY = "1,2";
			};
			name = Release;
		};
/* End XCBuildConfiguration section */

/* Begin XCConfigurationList section */
		7CD6E1E02AE1593A001DAA85 /* Build configuration list for PBXProject "Citysights" */ = {
			isa = XCConfigurationList;
			buildConfigurations = (
				7CD6E1F12AE1593B001DAA85 /* Debug */,
				7CD6E1F22AE1593B001DAA85 /* Release */,
			);
			defaultConfigurationIsVisible = 0;
			defaultConfigurationName = Release;
		};
		7CD6E1F32AE1593B001DAA85 /* Build configuration list for PBXNativeTarget "Citysights" */ = {
			isa = XCConfigurationList;
			buildConfigurations = (
				7CD6E1F42AE1593B001DAA85 /* Debug */,
				7CD6E1F52AE1593B001DAA85 /* Release */,
			);
			defaultConfigurationIsVisible = 0;
			defaultConfigurationName = Release;
		};
/* End XCConfigurationList section */
	};
	rootObject = 7CD6E1DD2AE1593A001DAA85 /* Project object */;
}
